
Microsoft Visual Studio Solution File, Format Version 12.00
# Visual Studio Version 17
VisualStudioVersion = 17.6.33829.357
MinimumVisualStudioVersion = 10.0.40219.1
Project("{FAE04EC0-301F-11D3-BF4B-00C04F79EFBC}") = "Bombe", "Bombe\Bombe.csproj", "{5DAEA3D0-BAA0-4173-AF2B-A37693BE19E5}"
EndProject
Global
	GlobalSection(SolutionConfigurationPlatforms) = preSolution
		Debug|Any CPU = Debug|Any CPU
		Release|Any CPU = Release|Any CPU
	EndGlobalSection
	GlobalSection(ProjectConfigurationPlatforms) = postSolution
		{5DAEA3D0-BAA0-4173-AF2B-A37693BE19E5}.Debug|Any CPU.ActiveCfg = Debug|Any CPU
		{5DAEA3D0-BAA0-4173-AF2B-A37693BE19E5}.Debug|Any CPU.Build.0 = Debug|Any CPU
		{5DAEA3D0-BAA0-4173-AF2B-A37693BE19E5}.Release|Any CPU.ActiveCfg = Release|Any CPU
		{5DAEA3D0-BAA0-4173-AF2B-A37693BE19E5}.Release|Any CPU.Build.0 = Release|Any CPU
	EndGlobalSection
	GlobalSection(SolutionProperties) = preSolution
		HideSolutionNode = FALSE
	EndGlobalSection
	GlobalSection(ExtensibilityGlobals) = postSolution
		SolutionGuid = {70936EF8-048F-40DB-9832-0FD90DB819E8}
	EndGlobalSection
EndGlobal
